
Microsoft Visual Studio Solution File, Format Version 12.00
# Visual Studio Version 16
VisualStudioVersion = 16.0.29519.87
MinimumVisualStudioVersion = 10.0.40219.1
Project("{8BC9CEB8-8B4A-11D0-8D11-00A0C91BC942}") = "Snake", "Snake\Snake.vcxproj", "{7A28EAC9-4567-4072-97D2-483F2A051CC9}"
EndProject
Global
	GlobalSection(SolutionConfigurationPlatforms) = preSolution
		Debug|x64 = Debug|x64
		Debug|x86 = Debug|x86
		Release|x64 = Release|x64
		Release|x86 = Release|x86
	EndGlobalSection
	GlobalSection(ProjectConfigurationPlatforms) = postSolution
		{7A28EAC9-4567-4072-97D2-483F2A051CC9}.Debug|x64.ActiveCfg = Debug|x64
		{7A28EAC9-4567-4072-97D2-483F2A051CC9}.Debug|x64.Build.0 = Debug|x64
		{7A28EAC9-4567-4072-97D2-483F2A051CC9}.Debug|x86.ActiveCfg = Debug|Win32
		{7A28EAC9-4567-4072-97D2-483F2A051CC9}.Debug|x86.Build.0 = Debug|Win32
		{7A28EAC9-4567-4072-97D2-483F2A051CC9}.Release|x64.ActiveCfg = Release|x64
		{7A28EAC9-4567-4072-97D2-483F2A051CC9}.Release|x64.Build.0 = Release|x64
		{7A28EAC9-4567-4072-97D2-483F2A051CC9}.Release|x86.ActiveCfg = Release|Win32
		{7A28EAC9-4567-4072-97D2-483F2A051CC9}.Release|x86.Build.0 = Release|Win32
	EndGlobalSection
	GlobalSection(SolutionProperties) = preSolution
		HideSolutionNode = FALSE
	EndGlobalSection
	GlobalSection(ExtensibilityGlobals) = postSolution
		SolutionGuid = {83D79855-AB3F-4C11-86C6-FB07C203771D}
	EndGlobalSection
EndGlobal
